// !$*UTF8*$!
{
	archiveVersion = 1;
	classes = {
	};
	objectVersion = 55;
	objects = {

/* Begin PBXBuildFile section */
		DB16119A2865F4D500E96DDA /* HexagonParameters.swift in Sources */ = {isa = PBXBuildFile; fileRef = DB1611992865F4D500E96DDA /* HexagonParameters.swift */; };
		DB16119C2875E30700E96DDA /* BadgeBackground.swift in Sources */ = {isa = PBXBuildFile; fileRef = DB16119B2875E30700E96DDA /* BadgeBackground.swift */; };
		DB16119E2876172100E96DDA /* BadgeSymbol.swift in Sources */ = {isa = PBXBuildFile; fileRef = DB16119D2876172100E96DDA /* BadgeSymbol.swift */; };
		DB1611A0287637B300E96DDA /* RotatedBadgeSymbol.swift in Sources */ = {isa = PBXBuildFile; fileRef = DB16119F287637B300E96DDA /* RotatedBadgeSymbol.swift */; };
		DB1611A22876388100E96DDA /* Badge.swift in Sources */ = {isa = PBXBuildFile; fileRef = DB1611A12876388100E96DDA /* Badge.swift */; };
		DB993A9C28789E2E00DCCC02 /* hikeData.json in Resources */ = {isa = PBXBuildFile; fileRef = DB993A9B28789E2E00DCCC02 /* hikeData.json */; };
		DB993A9E28789E9D00DCCC02 /* Hike.swift in Sources */ = {isa = PBXBuildFile; fileRef = DB993A9D28789E9D00DCCC02 /* Hike.swift */; };
		DB993AA42878A0A200DCCC02 /* GraphCapsule.swift in Sources */ = {isa = PBXBuildFile; fileRef = DB993AA02878A0A200DCCC02 /* GraphCapsule.swift */; };
		DB993AA52878A0A200DCCC02 /* HikeGraph.swift in Sources */ = {isa = PBXBuildFile; fileRef = DB993AA12878A0A200DCCC02 /* HikeGraph.swift */; };
		DB993AA62878A0A200DCCC02 /* HikeDetail.swift in Sources */ = {isa = PBXBuildFile; fileRef = DB993AA22878A0A200DCCC02 /* HikeDetail.swift */; };
		DB993AA72878A0A200DCCC02 /* HikeView.swift in Sources */ = {isa = PBXBuildFile; fileRef = DB993AA32878A0A200DCCC02 /* HikeView.swift */; };
		DB993AAA287A330E00DCCC02 /* CategoryHome.swift in Sources */ = {isa = PBXBuildFile; fileRef = DB993AA9287A330E00DCCC02 /* CategoryHome.swift */; };
		DB993AAC287A361A00DCCC02 /* CategoryRow.swift in Sources */ = {isa = PBXBuildFile; fileRef = DB993AAB287A361A00DCCC02 /* CategoryRow.swift */; };
		DB993AAE287A397D00DCCC02 /* CategoryItem.swift in Sources */ = {isa = PBXBuildFile; fileRef = DB993AAD287A397D00DCCC02 /* CategoryItem.swift */; };
		DBA5801A2862038800A4DFAF /* LandmarksApp.swift in Sources */ = {isa = PBXBuildFile; fileRef = DBA580192862038800A4DFAF /* LandmarksApp.swift */; };
		DBA5801C2862038800A4DFAF /* ContentView.swift in Sources */ = {isa = PBXBuildFile; fileRef = DBA5801B2862038800A4DFAF /* ContentView.swift */; };
		DBA5801E2862038900A4DFAF /* Assets.xcassets in Resources */ = {isa = PBXBuildFile; fileRef = DBA5801D2862038900A4DFAF /* Assets.xcassets */; };
		DBA580212862038900A4DFAF /* Preview Assets.xcassets in Resources */ = {isa = PBXBuildFile; fileRef = DBA580202862038900A4DFAF /* Preview Assets.xcassets */; };
		DBA5802828626FBD00A4DFAF /* CircleImage.swift in Sources */ = {isa = PBXBuildFile; fileRef = DBA5802728626FBD00A4DFAF /* CircleImage.swift */; };
		DBA5802A2862719E00A4DFAF /* MapView.swift in Sources */ = {isa = PBXBuildFile; fileRef = DBA580292862719E00A4DFAF /* MapView.swift */; };
		DBA5802C28638B2300A4DFAF /* landmarkData.json in Resources */ = {isa = PBXBuildFile; fileRef = DBA5802B28638B2300A4DFAF /* landmarkData.json */; };
		DBA5802E28638B5600A4DFAF /* Landmark.swift in Sources */ = {isa = PBXBuildFile; fileRef = DBA5802D28638B5600A4DFAF /* Landmark.swift */; };
		DBA5803028638D6300A4DFAF /* ModelData.swift in Sources */ = {isa = PBXBuildFile; fileRef = DBA5802F28638D6300A4DFAF /* ModelData.swift */; };
		DBA580352863AD8E00A4DFAF /* LandmarkRow.swift in Sources */ = {isa = PBXBuildFile; fileRef = DBA580342863AD8E00A4DFAF /* LandmarkRow.swift */; };
		DBA580372863AF8500A4DFAF /* LandmarkList.swift in Sources */ = {isa = PBXBuildFile; fileRef = DBA580362863AF8500A4DFAF /* LandmarkList.swift */; };
		DBA580392863B14100A4DFAF /* LandmarkDetail.swift in Sources */ = {isa = PBXBuildFile; fileRef = DBA580382863B14100A4DFAF /* LandmarkDetail.swift */; };
		DBA5803B2864E9DA00A4DFAF /* FavoriteButton.swift in Sources */ = {isa = PBXBuildFile; fileRef = DBA5803A2864E9DA00A4DFAF /* FavoriteButton.swift */; };
		DBA8EEA5287CCFE500AB3B52 /* Profile.swift in Sources */ = {isa = PBXBuildFile; fileRef = DBA8EEA4287CCFE500AB3B52 /* Profile.swift */; };
		DBA8EEA8287CD2A800AB3B52 /* ProfileHost.swift in Sources */ = {isa = PBXBuildFile; fileRef = DBA8EEA7287CD2A800AB3B52 /* ProfileHost.swift */; };
		DBA8EEAA287CD34900AB3B52 /* ProfileSummary.swift in Sources */ = {isa = PBXBuildFile; fileRef = DBA8EEA9287CD34900AB3B52 /* ProfileSummary.swift */; };
		DBA8EEAC287CD93D00AB3B52 /* HikeBadge.swift in Sources */ = {isa = PBXBuildFile; fileRef = DBA8EEAB287CD93D00AB3B52 /* HikeBadge.swift */; };
		DBA8EEAE287CDEBE00AB3B52 /* ProfileEditor.swift in Sources */ = {isa = PBXBuildFile; fileRef = DBA8EEAD287CDEBE00AB3B52 /* ProfileEditor.swift */; };
		DBA8EEB0287DB33800AB3B52 /* PageViewController.swift in Sources */ = {isa = PBXBuildFile; fileRef = DBA8EEAF287DB33800AB3B52 /* PageViewController.swift */; };
		DBA8EEB2287DB70C00AB3B52 /* FeatureCard.swift in Sources */ = {isa = PBXBuildFile; fileRef = DBA8EEB1287DB70C00AB3B52 /* FeatureCard.swift */; };
		DBA8EEB4287DB95700AB3B52 /* PageView.swift in Sources */ = {isa = PBXBuildFile; fileRef = DBA8EEB3287DB95700AB3B52 /* PageView.swift */; };
		DBA8EEB6287F3EBF00AB3B52 /* PageControl.swift in Sources */ = {isa = PBXBuildFile; fileRef = DBA8EEB5287F3EBF00AB3B52 /* PageControl.swift */; };
		DBA8EEBC2880490300AB3B52 /* Assets.xcassets in Resources */ = {isa = PBXBuildFile; fileRef = DBA8EEBB2880490300AB3B52 /* Assets.xcassets */; };
		DBA8EEC22880490300AB3B52 /* WatchLandmarks WatchKit Extension.appex in Embed App Extensions */ = {isa = PBXBuildFile; fileRef = DBA8EEC12880490300AB3B52 /* WatchLandmarks WatchKit Extension.appex */; settings = {ATTRIBUTES = (RemoveHeadersOnCopy, ); }; };
		DBA8EEC92880490300AB3B52 /* ContentView.swift in Sources */ = {isa = PBXBuildFile; fileRef = DBA8EEC82880490300AB3B52 /* ContentView.swift */; };
		DBA8EECB2880490300AB3B52 /* NotificationController.swift in Sources */ = {isa = PBXBuildFile; fileRef = DBA8EECA2880490300AB3B52 /* NotificationController.swift */; };
		DBA8EECD2880490300AB3B52 /* NotificationView.swift in Sources */ = {isa = PBXBuildFile; fileRef = DBA8EECC2880490300AB3B52 /* NotificationView.swift */; };
		DBA8EECF2880490300AB3B52 /* ComplicationController.swift in Sources */ = {isa = PBXBuildFile; fileRef = DBA8EECE2880490300AB3B52 /* ComplicationController.swift */; };
		DBA8EED12880490400AB3B52 /* Assets.xcassets in Resources */ = {isa = PBXBuildFile; fileRef = DBA8EED02880490400AB3B52 /* Assets.xcassets */; };
		DBA8EED42880490400AB3B52 /* Preview Assets.xcassets in Resources */ = {isa = PBXBuildFile; fileRef = DBA8EED32880490400AB3B52 /* Preview Assets.xcassets */; };
		DBA8EED92880490400AB3B52 /* WatchLandmarks.app in Embed Watch Content */ = {isa = PBXBuildFile; fileRef = DBA8EEB92880490200AB3B52 /* WatchLandmarks.app */; settings = {ATTRIBUTES = (RemoveHeadersOnCopy, ); }; };
		DBA8EEE228804AA600AB3B52 /* LandmarksApp.swift in Sources */ = {isa = PBXBuildFile; fileRef = DBA580192862038800A4DFAF /* LandmarksApp.swift */; };
		DBA8EEE328804AA600AB3B52 /* landmarkData.json in Resources */ = {isa = PBXBuildFile; fileRef = DBA5802B28638B2300A4DFAF /* landmarkData.json */; };
		DBA8EEE428804AA600AB3B52 /* ModelData.swift in Sources */ = {isa = PBXBuildFile; fileRef = DBA5802F28638D6300A4DFAF /* ModelData.swift */; };
		DBA8EEE528804AA600AB3B52 /* Landmark.swift in Sources */ = {isa = PBXBuildFile; fileRef = DBA5802D28638B5600A4DFAF /* Landmark.swift */; };
		DBA8EEE628804AA600AB3B52 /* Profile.swift in Sources */ = {isa = PBXBuildFile; fileRef = DBA8EEA4287CCFE500AB3B52 /* Profile.swift */; };
		DBA8EEE728804AA600AB3B52 /* Assets.xcassets in Resources */ = {isa = PBXBuildFile; fileRef = DBA5801D2862038900A4DFAF /* Assets.xcassets */; };
		DBA8EEE828804AA600AB3B52 /* Hike.swift in Sources */ = {isa = PBXBuildFile; fileRef = DB993A9D28789E9D00DCCC02 /* Hike.swift */; };
		DBA8EEE928804AA600AB3B52 /* LandmarkList.swift in Sources */ = {isa = PBXBuildFile; fileRef = DBA580362863AF8500A4DFAF /* LandmarkList.swift */; };
		DBA8EEEA28804AA600AB3B52 /* MapView.swift in Sources */ = {isa = PBXBuildFile; fileRef = DBA580292862719E00A4DFAF /* MapView.swift */; };
		DBA8EEEB28804AA600AB3B52 /* hikeData.json in Resources */ = {isa = PBXBuildFile; fileRef = DB993A9B28789E2E00DCCC02 /* hikeData.json */; };
		DBA8EEEC28804AA600AB3B52 /* LandmarkRow.swift in Sources */ = {isa = PBXBuildFile; fileRef = DBA580342863AD8E00A4DFAF /* LandmarkRow.swift */; };
		DBA8EEED28804AA600AB3B52 /* CircleImage.swift in Sources */ = {isa = PBXBuildFile; fileRef = DBA5802728626FBD00A4DFAF /* CircleImage.swift */; };
/* End PBXBuildFile section */

/* Begin PBXContainerItemProxy section */
		DBA8EEC32880490300AB3B52 /* PBXContainerItemProxy */ = {
			isa = PBXContainerItemProxy;
			containerPortal = DBA5800E2862038800A4DFAF /* Project object */;
			proxyType = 1;
			remoteGlobalIDString = DBA8EEC02880490300AB3B52;
			remoteInfo = "WatchLandmarks WatchKit Extension";
		};
		DBA8EED72880490400AB3B52 /* PBXContainerItemProxy */ = {
			isa = PBXContainerItemProxy;
			containerPortal = DBA5800E2862038800A4DFAF /* Project object */;
			proxyType = 1;
			remoteGlobalIDString = DBA8EEB82880490200AB3B52;
			remoteInfo = WatchLandmarks;
		};
/* End PBXContainerItemProxy section */

/* Begin PBXCopyFilesBuildPhase section */
		DBA8EEDA2880490400AB3B52 /* Embed Watch Content */ = {
			isa = PBXCopyFilesBuildPhase;
			buildActionMask = 2147483647;
			dstPath = "$(CONTENTS_FOLDER_PATH)/Watch";
			dstSubfolderSpec = 16;
			files = (
				DBA8EED92880490400AB3B52 /* WatchLandmarks.app in Embed Watch Content */,
			);
			name = "Embed Watch Content";
			runOnlyForDeploymentPostprocessing = 0;
		};
		DBA8EEDD2880490400AB3B52 /* Embed App Extensions */ = {
			isa = PBXCopyFilesBuildPhase;
			buildActionMask = 2147483647;
			dstPath = "";
			dstSubfolderSpec = 13;
			files = (
				DBA8EEC22880490300AB3B52 /* WatchLandmarks WatchKit Extension.appex in Embed App Extensions */,
			);
			name = "Embed App Extensions";
			runOnlyForDeploymentPostprocessing = 0;
		};
/* End PBXCopyFilesBuildPhase section */

/* Begin PBXFileReference section */
		DB1611992865F4D500E96DDA /* HexagonParameters.swift */ = {isa = PBXFileReference; lastKnownFileType = sourcecode.swift; name = HexagonParameters.swift; path = Landmarks/Badges/HexagonParameters.swift; sourceTree = SOURCE_ROOT; };
		DB16119B2875E30700E96DDA /* BadgeBackground.swift */ = {isa = PBXFileReference; lastKnownFileType = sourcecode.swift; path = BadgeBackground.swift; sourceTree = "<group>"; };
		DB16119D2876172100E96DDA /* BadgeSymbol.swift */ = {isa = PBXFileReference; lastKnownFileType = sourcecode.swift; name = BadgeSymbol.swift; path = Landmarks/Badges/BadgeSymbol.swift; sourceTree = SOURCE_ROOT; };
		DB16119F287637B300E96DDA /* RotatedBadgeSymbol.swift */ = {isa = PBXFileReference; lastKnownFileType = sourcecode.swift; path = RotatedBadgeSymbol.swift; sourceTree = "<group>"; };
		DB1611A12876388100E96DDA /* Badge.swift */ = {isa = PBXFileReference; lastKnownFileType = sourcecode.swift; path = Badge.swift; sourceTree = "<group>"; };
		DB993A9B28789E2E00DCCC02 /* hikeData.json */ = {isa = PBXFileReference; fileEncoding = 4; lastKnownFileType = text.json; path = hikeData.json; sourceTree = "<group>"; };
		DB993A9D28789E9D00DCCC02 /* Hike.swift */ = {isa = PBXFileReference; lastKnownFileType = sourcecode.swift; path = Hike.swift; sourceTree = SOURCE_ROOT; };
		DB993AA02878A0A200DCCC02 /* GraphCapsule.swift */ = {isa = PBXFileReference; fileEncoding = 4; lastKnownFileType = sourcecode.swift; path = GraphCapsule.swift; sourceTree = "<group>"; };
		DB993AA12878A0A200DCCC02 /* HikeGraph.swift */ = {isa = PBXFileReference; fileEncoding = 4; lastKnownFileType = sourcecode.swift; path = HikeGraph.swift; sourceTree = "<group>"; };
		DB993AA22878A0A200DCCC02 /* HikeDetail.swift */ = {isa = PBXFileReference; fileEncoding = 4; lastKnownFileType = sourcecode.swift; path = HikeDetail.swift; sourceTree = "<group>"; };
		DB993AA32878A0A200DCCC02 /* HikeView.swift */ = {isa = PBXFileReference; fileEncoding = 4; lastKnownFileType = sourcecode.swift; path = HikeView.swift; sourceTree = "<group>"; };
		DB993AA9287A330E00DCCC02 /* CategoryHome.swift */ = {isa = PBXFileReference; lastKnownFileType = sourcecode.swift; path = CategoryHome.swift; sourceTree = "<group>"; };
		DB993AAB287A361A00DCCC02 /* CategoryRow.swift */ = {isa = PBXFileReference; lastKnownFileType = sourcecode.swift; path = CategoryRow.swift; sourceTree = "<group>"; };
		DB993AAD287A397D00DCCC02 /* CategoryItem.swift */ = {isa = PBXFileReference; lastKnownFileType = sourcecode.swift; path = CategoryItem.swift; sourceTree = "<group>"; };
		DBA580162862038800A4DFAF /* Landmarks.app */ = {isa = PBXFileReference; explicitFileType = wrapper.application; includeInIndex = 0; path = Landmarks.app; sourceTree = BUILT_PRODUCTS_DIR; };
		DBA580192862038800A4DFAF /* LandmarksApp.swift */ = {isa = PBXFileReference; lastKnownFileType = sourcecode.swift; path = LandmarksApp.swift; sourceTree = "<group>"; };
		DBA5801B2862038800A4DFAF /* ContentView.swift */ = {isa = PBXFileReference; lastKnownFileType = sourcecode.swift; path = ContentView.swift; sourceTree = "<group>"; };
		DBA5801D2862038900A4DFAF /* Assets.xcassets */ = {isa = PBXFileReference; lastKnownFileType = folder.assetcatalog; path = Assets.xcassets; sourceTree = "<group>"; };
		DBA580202862038900A4DFAF /* Preview Assets.xcassets */ = {isa = PBXFileReference; lastKnownFileType = folder.assetcatalog; path = "Preview Assets.xcassets"; sourceTree = "<group>"; };
		DBA5802728626FBD00A4DFAF /* CircleImage.swift */ = {isa = PBXFileReference; lastKnownFileType = sourcecode.swift; path = CircleImage.swift; sourceTree = "<group>"; };
		DBA580292862719E00A4DFAF /* MapView.swift */ = {isa = PBXFileReference; lastKnownFileType = sourcecode.swift; path = MapView.swift; sourceTree = "<group>"; };
		DBA5802B28638B2300A4DFAF /* landmarkData.json */ = {isa = PBXFileReference; fileEncoding = 4; lastKnownFileType = text.json; path = landmarkData.json; sourceTree = "<group>"; };
		DBA5802D28638B5600A4DFAF /* Landmark.swift */ = {isa = PBXFileReference; lastKnownFileType = sourcecode.swift; path = Landmark.swift; sourceTree = "<group>"; };
		DBA5802F28638D6300A4DFAF /* ModelData.swift */ = {isa = PBXFileReference; lastKnownFileType = sourcecode.swift; path = ModelData.swift; sourceTree = "<group>"; };
		DBA580342863AD8E00A4DFAF /* LandmarkRow.swift */ = {isa = PBXFileReference; lastKnownFileType = sourcecode.swift; path = LandmarkRow.swift; sourceTree = "<group>"; };
		DBA580362863AF8500A4DFAF /* LandmarkList.swift */ = {isa = PBXFileReference; lastKnownFileType = sourcecode.swift; path = LandmarkList.swift; sourceTree = "<group>"; };
		DBA580382863B14100A4DFAF /* LandmarkDetail.swift */ = {isa = PBXFileReference; lastKnownFileType = sourcecode.swift; path = LandmarkDetail.swift; sourceTree = "<group>"; };
		DBA5803A2864E9DA00A4DFAF /* FavoriteButton.swift */ = {isa = PBXFileReference; lastKnownFileType = sourcecode.swift; path = FavoriteButton.swift; sourceTree = "<group>"; };
		DBA8EEA4287CCFE500AB3B52 /* Profile.swift */ = {isa = PBXFileReference; lastKnownFileType = sourcecode.swift; name = Profile.swift; path = Landmarks/Views/Categories/Profile.swift; sourceTree = SOURCE_ROOT; };
		DBA8EEA7287CD2A800AB3B52 /* ProfileHost.swift */ = {isa = PBXFileReference; lastKnownFileType = sourcecode.swift; path = ProfileHost.swift; sourceTree = "<group>"; };
		DBA8EEA9287CD34900AB3B52 /* ProfileSummary.swift */ = {isa = PBXFileReference; lastKnownFileType = sourcecode.swift; path = ProfileSummary.swift; sourceTree = "<group>"; };
		DBA8EEAB287CD93D00AB3B52 /* HikeBadge.swift */ = {isa = PBXFileReference; lastKnownFileType = sourcecode.swift; name = HikeBadge.swift; path = Landmarks/Views/Profiles/HikeBadge.swift; sourceTree = SOURCE_ROOT; };
		DBA8EEAD287CDEBE00AB3B52 /* ProfileEditor.swift */ = {isa = PBXFileReference; lastKnownFileType = sourcecode.swift; path = ProfileEditor.swift; sourceTree = "<group>"; };
		DBA8EEAF287DB33800AB3B52 /* PageViewController.swift */ = {isa = PBXFileReference; lastKnownFileType = sourcecode.swift; name = PageViewController.swift; path = Profiles/PageViewController.swift; sourceTree = "<group>"; };
		DBA8EEB1287DB70C00AB3B52 /* FeatureCard.swift */ = {isa = PBXFileReference; lastKnownFileType = sourcecode.swift; name = FeatureCard.swift; path = Landmarks/Model/FeatureCard.swift; sourceTree = SOURCE_ROOT; };
		DBA8EEB3287DB95700AB3B52 /* PageView.swift */ = {isa = PBXFileReference; lastKnownFileType = sourcecode.swift; path = PageView.swift; sourceTree = "<group>"; };
		DBA8EEB5287F3EBF00AB3B52 /* PageControl.swift */ = {isa = PBXFileReference; lastKnownFileType = sourcecode.swift; path = PageControl.swift; sourceTree = "<group>"; };
		DBA8EEB92880490200AB3B52 /* WatchLandmarks.app */ = {isa = PBXFileReference; explicitFileType = wrapper.application; includeInIndex = 0; path = WatchLandmarks.app; sourceTree = BUILT_PRODUCTS_DIR; };
		DBA8EEBB2880490300AB3B52 /* Assets.xcassets */ = {isa = PBXFileReference; lastKnownFileType = folder.assetcatalog; path = Assets.xcassets; sourceTree = "<group>"; };
		DBA8EEC12880490300AB3B52 /* WatchLandmarks WatchKit Extension.appex */ = {isa = PBXFileReference; explicitFileType = "wrapper.app-extension"; includeInIndex = 0; path = "WatchLandmarks WatchKit Extension.appex"; sourceTree = BUILT_PRODUCTS_DIR; };
		DBA8EEC82880490300AB3B52 /* ContentView.swift */ = {isa = PBXFileReference; lastKnownFileType = sourcecode.swift; path = ContentView.swift; sourceTree = "<group>"; };
		DBA8EECA2880490300AB3B52 /* NotificationController.swift */ = {isa = PBXFileReference; lastKnownFileType = sourcecode.swift; path = NotificationController.swift; sourceTree = "<group>"; };
		DBA8EECC2880490300AB3B52 /* NotificationView.swift */ = {isa = PBXFileReference; lastKnownFileType = sourcecode.swift; path = NotificationView.swift; sourceTree = "<group>"; };
		DBA8EECE2880490300AB3B52 /* ComplicationController.swift */ = {isa = PBXFileReference; lastKnownFileType = sourcecode.swift; path = ComplicationController.swift; sourceTree = "<group>"; };
		DBA8EED02880490400AB3B52 /* Assets.xcassets */ = {isa = PBXFileReference; lastKnownFileType = folder.assetcatalog; path = Assets.xcassets; sourceTree = "<group>"; };
		DBA8EED32880490400AB3B52 /* Preview Assets.xcassets */ = {isa = PBXFileReference; lastKnownFileType = folder.assetcatalog; path = "Preview Assets.xcassets"; sourceTree = "<group>"; };
		DBA8EED52880490400AB3B52 /* Info.plist */ = {isa = PBXFileReference; lastKnownFileType = text.plist.xml; path = Info.plist; sourceTree = "<group>"; };
		DBA8EED62880490400AB3B52 /* PushNotificationPayload.apns */ = {isa = PBXFileReference; lastKnownFileType = text; path = PushNotificationPayload.apns; sourceTree = "<group>"; };
/* End PBXFileReference section */

/* Begin PBXFrameworksBuildPhase section */
		DBA580132862038800A4DFAF /* Frameworks */ = {
			isa = PBXFrameworksBuildPhase;
			buildActionMask = 2147483647;
			files = (
			);
			runOnlyForDeploymentPostprocessing = 0;
		};
		DBA8EEBE2880490300AB3B52 /* Frameworks */ = {
			isa = PBXFrameworksBuildPhase;
			buildActionMask = 2147483647;
			files = (
			);
			runOnlyForDeploymentPostprocessing = 0;
		};
/* End PBXFrameworksBuildPhase section */

/* Begin PBXGroup section */
		DB1611A328763A2900E96DDA /* Badges */ = {
			isa = PBXGroup;
			children = (
				DB16119D2876172100E96DDA /* BadgeSymbol.swift */,
				DB1611A12876388100E96DDA /* Badge.swift */,
				DB16119B2875E30700E96DDA /* BadgeBackground.swift */,
				DB16119F287637B300E96DDA /* RotatedBadgeSymbol.swift */,
				DB1611992865F4D500E96DDA /* HexagonParameters.swift */,
			);
			path = Badges;
			sourceTree = "<group>";
		};
		DB993A9F2878A0A200DCCC02 /* Hikes */ = {
			isa = PBXGroup;
			children = (
				DBA8EEAB287CD93D00AB3B52 /* HikeBadge.swift */,
				DB993AA02878A0A200DCCC02 /* GraphCapsule.swift */,
				DB993AA12878A0A200DCCC02 /* HikeGraph.swift */,
				DB993AA22878A0A200DCCC02 /* HikeDetail.swift */,
				DB993AA32878A0A200DCCC02 /* HikeView.swift */,
			);
			path = Hikes;
			sourceTree = "<group>";
		};
		DB993AA8287A32BC00DCCC02 /* Categories */ = {
			isa = PBXGroup;
			children = (
				DB993AA9287A330E00DCCC02 /* CategoryHome.swift */,
				DB993AAB287A361A00DCCC02 /* CategoryRow.swift */,
				DB993AAD287A397D00DCCC02 /* CategoryItem.swift */,
			);
			path = Categories;
			sourceTree = "<group>";
		};
		DBA5800D2862038800A4DFAF = {
			isa = PBXGroup;
			children = (
				DBA580182862038800A4DFAF /* Landmarks */,
				DBA8EEBA2880490200AB3B52 /* WatchLandmarks */,
				DBA8EEC52880490300AB3B52 /* WatchLandmarks WatchKit Extension */,
				DBA580172862038800A4DFAF /* Products */,
			);
			sourceTree = "<group>";
		};
		DBA580172862038800A4DFAF /* Products */ = {
			isa = PBXGroup;
			children = (
				DBA580162862038800A4DFAF /* Landmarks.app */,
				DBA8EEB92880490200AB3B52 /* WatchLandmarks.app */,
				DBA8EEC12880490300AB3B52 /* WatchLandmarks WatchKit Extension.appex */,
			);
			name = Products;
			sourceTree = "<group>";
		};
		DBA580182862038800A4DFAF /* Landmarks */ = {
			isa = PBXGroup;
			children = (
				DB1611A328763A2900E96DDA /* Badges */,
				DBA580192862038800A4DFAF /* LandmarksApp.swift */,
				DBA5803128638EF500A4DFAF /* Views */,
				DBA5803328638F4400A4DFAF /* Model */,
				DBA5803228638F2100A4DFAF /* Resources */,
				DBA5801D2862038900A4DFAF /* Assets.xcassets */,
				DBA5803C2864EC7C00A4DFAF /* Landmarks */,
				DBA5803D2864ECD800A4DFAF /* Helpers */,
				DBA5801F2862038900A4DFAF /* Preview Content */,
			);
			path = Landmarks;
			sourceTree = "<group>";
		};
		DBA5801F2862038900A4DFAF /* Preview Content */ = {
			isa = PBXGroup;
			children = (
				DBA580202862038900A4DFAF /* Preview Assets.xcassets */,
			);
			path = "Preview Content";
			sourceTree = "<group>";
		};
		DBA5803128638EF500A4DFAF /* Views */ = {
			isa = PBXGroup;
			children = (
				DBA8EEB1287DB70C00AB3B52 /* FeatureCard.swift */,
				DBA8EEB3287DB95700AB3B52 /* PageView.swift */,
				DBA8EEAF287DB33800AB3B52 /* PageViewController.swift */,
				DBA8EEB5287F3EBF00AB3B52 /* PageControl.swift */,
				DBA8EEA6287CD28200AB3B52 /* Profiles */,
				DB993AA8287A32BC00DCCC02 /* Categories */,
				DB993A9F2878A0A200DCCC02 /* Hikes */,
				DBA5801B2862038800A4DFAF /* ContentView.swift */,
			);
			path = Views;
			sourceTree = "<group>";
		};
		DBA5803228638F2100A4DFAF /* Resources */ = {
			isa = PBXGroup;
			children = (
				DB993A9B28789E2E00DCCC02 /* hikeData.json */,
				DBA5802B28638B2300A4DFAF /* landmarkData.json */,
			);
			path = Resources;
			sourceTree = "<group>";
		};
		DBA5803328638F4400A4DFAF /* Model */ = {
			isa = PBXGroup;
			children = (
				DBA8EEA4287CCFE500AB3B52 /* Profile.swift */,
				DB993A9D28789E9D00DCCC02 /* Hike.swift */,
				DBA5802D28638B5600A4DFAF /* Landmark.swift */,
				DBA5802F28638D6300A4DFAF /* ModelData.swift */,
			);
			path = Model;
			sourceTree = "<group>";
		};
		DBA5803C2864EC7C00A4DFAF /* Landmarks */ = {
			isa = PBXGroup;
			children = (
				DBA580342863AD8E00A4DFAF /* LandmarkRow.swift */,
				DBA580362863AF8500A4DFAF /* LandmarkList.swift */,
				DBA580382863B14100A4DFAF /* LandmarkDetail.swift */,
			);
			path = Landmarks;
			sourceTree = "<group>";
		};
		DBA5803D2864ECD800A4DFAF /* Helpers */ = {
			isa = PBXGroup;
			children = (
				DBA5802728626FBD00A4DFAF /* CircleImage.swift */,
				DBA5803A2864E9DA00A4DFAF /* FavoriteButton.swift */,
				DBA580292862719E00A4DFAF /* MapView.swift */,
			);
			path = Helpers;
			sourceTree = "<group>";
		};
		DBA8EEA6287CD28200AB3B52 /* Profiles */ = {
			isa = PBXGroup;
			children = (
				DBA8EEA7287CD2A800AB3B52 /* ProfileHost.swift */,
				DBA8EEAD287CDEBE00AB3B52 /* ProfileEditor.swift */,
				DBA8EEA9287CD34900AB3B52 /* ProfileSummary.swift */,
			);
			path = Profiles;
			sourceTree = "<group>";
		};
		DBA8EEBA2880490200AB3B52 /* WatchLandmarks */ = {
			isa = PBXGroup;
			children = (
				DBA8EEBB2880490300AB3B52 /* Assets.xcassets */,
			);
			path = WatchLandmarks;
			sourceTree = "<group>";
		};
		DBA8EEC52880490300AB3B52 /* WatchLandmarks WatchKit Extension */ = {
			isa = PBXGroup;
			children = (
				DBA8EEC82880490300AB3B52 /* ContentView.swift */,
				DBA8EECA2880490300AB3B52 /* NotificationController.swift */,
				DBA8EECC2880490300AB3B52 /* NotificationView.swift */,
				DBA8EECE2880490300AB3B52 /* ComplicationController.swift */,
				DBA8EED02880490400AB3B52 /* Assets.xcassets */,
				DBA8EED52880490400AB3B52 /* Info.plist */,
				DBA8EED62880490400AB3B52 /* PushNotificationPayload.apns */,
				DBA8EED22880490400AB3B52 /* Preview Content */,
			);
			path = "WatchLandmarks WatchKit Extension";
			sourceTree = "<group>";
		};
		DBA8EED22880490400AB3B52 /* Preview Content */ = {
			isa = PBXGroup;
			children = (
				DBA8EED32880490400AB3B52 /* Preview Assets.xcassets */,
			);
			path = "Preview Content";
			sourceTree = "<group>";
		};
/* End PBXGroup section */

/* Begin PBXNativeTarget section */
		DBA580152862038800A4DFAF /* Landmarks */ = {
			isa = PBXNativeTarget;
			buildConfigurationList = DBA580242862038900A4DFAF /* Build configuration list for PBXNativeTarget "Landmarks" */;
			buildPhases = (
				DBA580122862038800A4DFAF /* Sources */,
				DBA580132862038800A4DFAF /* Frameworks */,
				DBA580142862038800A4DFAF /* Resources */,
				DBA8EEDA2880490400AB3B52 /* Embed Watch Content */,
			);
			buildRules = (
			);
			dependencies = (
				DBA8EED82880490400AB3B52 /* PBXTargetDependency */,
			);
			name = Landmarks;
			productName = Landmarks;
			productReference = DBA580162862038800A4DFAF /* Landmarks.app */;
			productType = "com.apple.product-type.application";
		};
		DBA8EEB82880490200AB3B52 /* WatchLandmarks */ = {
			isa = PBXNativeTarget;
			buildConfigurationList = DBA8EEE12880490400AB3B52 /* Build configuration list for PBXNativeTarget "WatchLandmarks" */;
			buildPhases = (
				DBA8EEB72880490200AB3B52 /* Resources */,
				DBA8EEDD2880490400AB3B52 /* Embed App Extensions */,
			);
			buildRules = (
			);
			dependencies = (
				DBA8EEC42880490300AB3B52 /* PBXTargetDependency */,
			);
			name = WatchLandmarks;
			productName = WatchLandmarks;
			productReference = DBA8EEB92880490200AB3B52 /* WatchLandmarks.app */;
			productType = "com.apple.product-type.application.watchapp2";
		};
		DBA8EEC02880490300AB3B52 /* WatchLandmarks WatchKit Extension */ = {
			isa = PBXNativeTarget;
			buildConfigurationList = DBA8EEE02880490400AB3B52 /* Build configuration list for PBXNativeTarget "WatchLandmarks WatchKit Extension" */;
			buildPhases = (
				DBA8EEBD2880490300AB3B52 /* Sources */,
				DBA8EEBE2880490300AB3B52 /* Frameworks */,
				DBA8EEBF2880490300AB3B52 /* Resources */,
			);
			buildRules = (
			);
			dependencies = (
			);
			name = "WatchLandmarks WatchKit Extension";
			productName = "WatchLandmarks WatchKit Extension";
			productReference = DBA8EEC12880490300AB3B52 /* WatchLandmarks WatchKit Extension.appex */;
			productType = "com.apple.product-type.watchkit2-extension";
		};
/* End PBXNativeTarget section */

/* Begin PBXProject section */
		DBA5800E2862038800A4DFAF /* Project object */ = {
			isa = PBXProject;
			attributes = {
				BuildIndependentTargetsInParallel = 1;
				LastSwiftUpdateCheck = 1340;
				LastUpgradeCheck = 1330;
				TargetAttributes = {
					DBA580152862038800A4DFAF = {
						CreatedOnToolsVersion = 13.3.1;
					};
					DBA8EEB82880490200AB3B52 = {
						CreatedOnToolsVersion = 13.4.1;
					};
					DBA8EEC02880490300AB3B52 = {
						CreatedOnToolsVersion = 13.4.1;
					};
				};
			};
			buildConfigurationList = DBA580112862038800A4DFAF /* Build configuration list for PBXProject "Landmarks" */;
			compatibilityVersion = "Xcode 13.0";
			developmentRegion = en;
			hasScannedForEncodings = 0;
			knownRegions = (
				en,
				Base,
			);
			mainGroup = DBA5800D2862038800A4DFAF;
			productRefGroup = DBA580172862038800A4DFAF /* Products */;
			projectDirPath = "";
			projectRoot = "";
			targets = (
				DBA580152862038800A4DFAF /* Landmarks */,
				DBA8EEB82880490200AB3B52 /* WatchLandmarks */,
				DBA8EEC02880490300AB3B52 /* WatchLandmarks WatchKit Extension */,
			);
		};
/* End PBXProject section */

/* Begin PBXResourcesBuildPhase section */
		DBA580142862038800A4DFAF /* Resources */ = {
			isa = PBXResourcesBuildPhase;
			buildActionMask = 2147483647;
			files = (
				DB993A9C28789E2E00DCCC02 /* hikeData.json in Resources */,
				DBA580212862038900A4DFAF /* Preview Assets.xcassets in Resources */,
				DBA5801E2862038900A4DFAF /* Assets.xcassets in Resources */,
				DBA5802C28638B2300A4DFAF /* landmarkData.json in Resources */,
			);
			runOnlyForDeploymentPostprocessing = 0;
		};
		DBA8EEB72880490200AB3B52 /* Resources */ = {
			isa = PBXResourcesBuildPhase;
			buildActionMask = 2147483647;
			files = (
				DBA8EEBC2880490300AB3B52 /* Assets.xcassets in Resources */,
			);
			runOnlyForDeploymentPostprocessing = 0;
		};
		DBA8EEBF2880490300AB3B52 /* Resources */ = {
			isa = PBXResourcesBuildPhase;
			buildActionMask = 2147483647;
			files = (
				DBA8EED42880490400AB3B52 /* Preview Assets.xcassets in Resources */,
				DBA8EED12880490400AB3B52 /* Assets.xcassets in Resources */,
				DBA8EEE728804AA600AB3B52 /* Assets.xcassets in Resources */,
				DBA8EEE328804AA600AB3B52 /* landmarkData.json in Resources */,
				DBA8EEEB28804AA600AB3B52 /* hikeData.json in Resources */,
			);
			runOnlyForDeploymentPostprocessing = 0;
		};
/* End PBXResourcesBuildPhase section */

/* Begin PBXSourcesBuildPhase section */
		DBA580122862038800A4DFAF /* Sources */ = {
			isa = PBXSourcesBuildPhase;
			buildActionMask = 2147483647;
			files = (
				DB993AAC287A361A00DCCC02 /* CategoryRow.swift in Sources */,
				DBA8EEA5287CCFE500AB3B52 /* Profile.swift in Sources */,
				DBA5801C2862038800A4DFAF /* ContentView.swift in Sources */,
				DB993AAA287A330E00DCCC02 /* CategoryHome.swift in Sources */,
				DBA8EEB2287DB70C00AB3B52 /* FeatureCard.swift in Sources */,
				DB993AA52878A0A200DCCC02 /* HikeGraph.swift in Sources */,
				DB1611A22876388100E96DDA /* Badge.swift in Sources */,
				DBA5802A2862719E00A4DFAF /* MapView.swift in Sources */,
				DB993AA42878A0A200DCCC02 /* GraphCapsule.swift in Sources */,
				DBA5801A2862038800A4DFAF /* LandmarksApp.swift in Sources */,
				DBA8EEB6287F3EBF00AB3B52 /* PageControl.swift in Sources */,
				DBA5803B2864E9DA00A4DFAF /* FavoriteButton.swift in Sources */,
				DB993AAE287A397D00DCCC02 /* CategoryItem.swift in Sources */,
				DB993AA62878A0A200DCCC02 /* HikeDetail.swift in Sources */,
				DBA8EEAA287CD34900AB3B52 /* ProfileSummary.swift in Sources */,
				DB16119A2865F4D500E96DDA /* HexagonParameters.swift in Sources */,
				DBA8EEA8287CD2A800AB3B52 /* ProfileHost.swift in Sources */,
				DB993A9E28789E9D00DCCC02 /* Hike.swift in Sources */,
				DB1611A0287637B300E96DDA /* RotatedBadgeSymbol.swift in Sources */,
				DBA8EEB4287DB95700AB3B52 /* PageView.swift in Sources */,
				DB16119E2876172100E96DDA /* BadgeSymbol.swift in Sources */,
				DBA8EEAE287CDEBE00AB3B52 /* ProfileEditor.swift in Sources */,
				DBA580372863AF8500A4DFAF /* LandmarkList.swift in Sources */,
				DB993AA72878A0A200DCCC02 /* HikeView.swift in Sources */,
				DBA580392863B14100A4DFAF /* LandmarkDetail.swift in Sources */,
				DBA8EEB0287DB33800AB3B52 /* PageViewController.swift in Sources */,
				DB16119C2875E30700E96DDA /* BadgeBackground.swift in Sources */,
				DBA8EEAC287CD93D00AB3B52 /* HikeBadge.swift in Sources */,
				DBA5802828626FBD00A4DFAF /* CircleImage.swift in Sources */,
				DBA5802E28638B5600A4DFAF /* Landmark.swift in Sources */,
				DBA580352863AD8E00A4DFAF /* LandmarkRow.swift in Sources */,
				DBA5803028638D6300A4DFAF /* ModelData.swift in Sources */,
			);
			runOnlyForDeploymentPostprocessing = 0;
		};
		DBA8EEBD2880490300AB3B52 /* Sources */ = {
			isa = PBXSourcesBuildPhase;
			buildActionMask = 2147483647;
			files = (
				DBA8EEE528804AA600AB3B52 /* Landmark.swift in Sources */,
				DBA8EEE628804AA600AB3B52 /* Profile.swift in Sources */,
				DBA8EEEC28804AA600AB3B52 /* LandmarkRow.swift in Sources */,
				DBA8EEED28804AA600AB3B52 /* CircleImage.swift in Sources */,
				DBA8EECB2880490300AB3B52 /* NotificationController.swift in Sources */,
				DBA8EEEA28804AA600AB3B52 /* MapView.swift in Sources */,
				DBA8EEC92880490300AB3B52 /* ContentView.swift in Sources */,
				DBA8EECF2880490300AB3B52 /* ComplicationController.swift in Sources */,
				DBA8EEE228804AA600AB3B52 /* LandmarksApp.swift in Sources */,
				DBA8EEE828804AA600AB3B52 /* Hike.swift in Sources */,
				DBA8EECD2880490300AB3B52 /* NotificationView.swift in Sources */,
				DBA8EEE428804AA600AB3B52 /* ModelData.swift in Sources */,
				DBA8EEE928804AA600AB3B52 /* LandmarkList.swift in Sources */,
			);
			runOnlyForDeploymentPostprocessing = 0;
		};
/* End PBXSourcesBuildPhase section */

/* Begin PBXTargetDependency section */
		DBA8EEC42880490300AB3B52 /* PBXTargetDependency */ = {
			isa = PBXTargetDependency;
			target = DBA8EEC02880490300AB3B52 /* WatchLandmarks WatchKit Extension */;
			targetProxy = DBA8EEC32880490300AB3B52 /* PBXContainerItemProxy */;
		};
		DBA8EED82880490400AB3B52 /* PBXTargetDependency */ = {
			isa = PBXTargetDependency;
			target = DBA8EEB82880490200AB3B52 /* WatchLandmarks */;
			targetProxy = DBA8EED72880490400AB3B52 /* PBXContainerItemProxy */;
		};
/* End PBXTargetDependency section */

/* Begin XCBuildConfiguration section */
		DBA580222862038900A4DFAF /* Debug */ = {
			isa = XCBuildConfiguration;
			buildSettings = {
				ALWAYS_SEARCH_USER_PATHS = NO;
				CLANG_ANALYZER_NONNULL = YES;
				CLANG_ANALYZER_NUMBER_OBJECT_CONVERSION = YES_AGGRESSIVE;
				CLANG_CXX_LANGUAGE_STANDARD = "gnu++17";
				CLANG_ENABLE_MODULES = YES;
				CLANG_ENABLE_OBJC_ARC = YES;
				CLANG_ENABLE_OBJC_WEAK = YES;
				CLANG_WARN_BLOCK_CAPTURE_AUTORELEASING = YES;
				CLANG_WARN_BOOL_CONVERSION = YES;
				CLANG_WARN_COMMA = YES;
				CLANG_WARN_CONSTANT_CONVERSION = YES;
				CLANG_WARN_DEPRECATED_OBJC_IMPLEMENTATIONS = YES;
				CLANG_WARN_DIRECT_OBJC_ISA_USAGE = YES_ERROR;
				CLANG_WARN_DOCUMENTATION_COMMENTS = YES;
				CLANG_WARN_EMPTY_BODY = YES;
				CLANG_WARN_ENUM_CONVERSION = YES;
				CLANG_WARN_INFINITE_RECURSION = YES;
				CLANG_WARN_INT_CONVERSION = YES;
				CLANG_WARN_NON_LITERAL_NULL_CONVERSION = YES;
				CLANG_WARN_OBJC_IMPLICIT_RETAIN_SELF = YES;
				CLANG_WARN_OBJC_LITERAL_CONVERSION = YES;
				CLANG_WARN_OBJC_ROOT_CLASS = YES_ERROR;
				CLANG_WARN_QUOTED_INCLUDE_IN_FRAMEWORK_HEADER = YES;
				CLANG_WARN_RANGE_LOOP_ANALYSIS = YES;
				CLANG_WARN_STRICT_PROTOTYPES = YES;
				CLANG_WARN_SUSPICIOUS_MOVE = YES;
				CLANG_WARN_UNGUARDED_AVAILABILITY = YES_AGGRESSIVE;
				CLANG_WARN_UNREACHABLE_CODE = YES;
				CLANG_WARN__DUPLICATE_METHOD_MATCH = YES;
				COPY_PHASE_STRIP = NO;
				DEBUG_INFORMATION_FORMAT = dwarf;
				ENABLE_STRICT_OBJC_MSGSEND = YES;
				ENABLE_TESTABILITY = YES;
				GCC_C_LANGUAGE_STANDARD = gnu11;
				GCC_DYNAMIC_NO_PIC = NO;
				GCC_NO_COMMON_BLOCKS = YES;
				GCC_OPTIMIZATION_LEVEL = 0;
				GCC_PREPROCESSOR_DEFINITIONS = (
					"DEBUG=1",
					"$(inherited)",
				);
				GCC_WARN_64_TO_32_BIT_CONVERSION = YES;
				GCC_WARN_ABOUT_RETURN_TYPE = YES_ERROR;
				GCC_WARN_UNDECLARED_SELECTOR = YES;
				GCC_WARN_UNINITIALIZED_AUTOS = YES_AGGRESSIVE;
				GCC_WARN_UNUSED_FUNCTION = YES;
				GCC_WARN_UNUSED_VARIABLE = YES;
				IPHONEOS_DEPLOYMENT_TARGET = 15.4;
				MTL_ENABLE_DEBUG_INFO = INCLUDE_SOURCE;
				MTL_FAST_MATH = YES;
				ONLY_ACTIVE_ARCH = YES;
				SDKROOT = iphoneos;
				SWIFT_ACTIVE_COMPILATION_CONDITIONS = DEBUG;
				SWIFT_OPTIMIZATION_LEVEL = "-Onone";
			};
			name = Debug;
		};
		DBA580232862038900A4DFAF /* Release */ = {
			isa = XCBuildConfiguration;
			buildSettings = {
				ALWAYS_SEARCH_USER_PATHS = NO;
				CLANG_ANALYZER_NONNULL = YES;
				CLANG_ANALYZER_NUMBER_OBJECT_CONVERSION = YES_AGGRESSIVE;
				CLANG_CXX_LANGUAGE_STANDARD = "gnu++17";
				CLANG_ENABLE_MODULES = YES;
				CLANG_ENABLE_OBJC_ARC = YES;
				CLANG_ENABLE_OBJC_WEAK = YES;
				CLANG_WARN_BLOCK_CAPTURE_AUTORELEASING = YES;
				CLANG_WARN_BOOL_CONVERSION = YES;
				CLANG_WARN_COMMA = YES;
				CLANG_WARN_CONSTANT_CONVERSION = YES;
				CLANG_WARN_DEPRECATED_OBJC_IMPLEMENTATIONS = YES;
				CLANG_WARN_DIRECT_OBJC_ISA_USAGE = YES_ERROR;
				CLANG_WARN_DOCUMENTATION_COMMENTS = YES;
				CLANG_WARN_EMPTY_BODY = YES;
				CLANG_WARN_ENUM_CONVERSION = YES;
				CLANG_WARN_INFINITE_RECURSION = YES;
				CLANG_WARN_INT_CONVERSION = YES;
				CLANG_WARN_NON_LITERAL_NULL_CONVERSION = YES;
				CLANG_WARN_OBJC_IMPLICIT_RETAIN_SELF = YES;
				CLANG_WARN_OBJC_LITERAL_CONVERSION = YES;
				CLANG_WARN_OBJC_ROOT_CLASS = YES_ERROR;
				CLANG_WARN_QUOTED_INCLUDE_IN_FRAMEWORK_HEADER = YES;
				CLANG_WARN_RANGE_LOOP_ANALYSIS = YES;
				CLANG_WARN_STRICT_PROTOTYPES = YES;
				CLANG_WARN_SUSPICIOUS_MOVE = YES;
				CLANG_WARN_UNGUARDED_AVAILABILITY = YES_AGGRESSIVE;
				CLANG_WARN_UNREACHABLE_CODE = YES;
				CLANG_WARN__DUPLICATE_METHOD_MATCH = YES;
				COPY_PHASE_STRIP = NO;
				DEBUG_INFORMATION_FORMAT = "dwarf-with-dsym";
				ENABLE_NS_ASSERTIONS = NO;
				ENABLE_STRICT_OBJC_MSGSEND = YES;
				GCC_C_LANGUAGE_STANDARD = gnu11;
				GCC_NO_COMMON_BLOCKS = YES;
				GCC_WARN_64_TO_32_BIT_CONVERSION = YES;
				GCC_WARN_ABOUT_RETURN_TYPE = YES_ERROR;
				GCC_WARN_UNDECLARED_SELECTOR = YES;
				GCC_WARN_UNINITIALIZED_AUTOS = YES_AGGRESSIVE;
				GCC_WARN_UNUSED_FUNCTION = YES;
				GCC_WARN_UNUSED_VARIABLE = YES;
				IPHONEOS_DEPLOYMENT_TARGET = 15.4;
				MTL_ENABLE_DEBUG_INFO = NO;
				MTL_FAST_MATH = YES;
				SDKROOT = iphoneos;
				SWIFT_COMPILATION_MODE = wholemodule;
				SWIFT_OPTIMIZATION_LEVEL = "-O";
				VALIDATE_PRODUCT = YES;
			};
			name = Release;
		};
		DBA580252862038900A4DFAF /* Debug */ = {
			isa = XCBuildConfiguration;
			buildSettings = {
				ASSETCATALOG_COMPILER_APPICON_NAME = AppIcon;
				ASSETCATALOG_COMPILER_GLOBAL_ACCENT_COLOR_NAME = AccentColor;
				CODE_SIGN_STYLE = Automatic;
				CURRENT_PROJECT_VERSION = 1;
				DEVELOPMENT_ASSET_PATHS = "\"Landmarks/Preview Content\"";
				DEVELOPMENT_TEAM = 6WMH42KJWP;
				ENABLE_PREVIEWS = YES;
				GENERATE_INFOPLIST_FILE = YES;
				INFOPLIST_KEY_UIApplicationSceneManifest_Generation = YES;
				INFOPLIST_KEY_UIApplicationSupportsIndirectInputEvents = YES;
				INFOPLIST_KEY_UILaunchScreen_Generation = YES;
				INFOPLIST_KEY_UISupportedInterfaceOrientations_iPad = "UIInterfaceOrientationPortrait UIInterfaceOrientationPortraitUpsideDown UIInterfaceOrientationLandscapeLeft UIInterfaceOrientationLandscapeRight";
				INFOPLIST_KEY_UISupportedInterfaceOrientations_iPhone = "UIInterfaceOrientationPortrait UIInterfaceOrientationLandscapeLeft UIInterfaceOrientationLandscapeRight";
				LD_RUNPATH_SEARCH_PATHS = (
					"$(inherited)",
					"@executable_path/Frameworks",
				);
				MARKETING_VERSION = 1.0;
				PRODUCT_BUNDLE_IDENTIFIER = com.carloscorvalan.Landmarks;
				PRODUCT_NAME = "$(TARGET_NAME)";
				SWIFT_EMIT_LOC_STRINGS = YES;
				SWIFT_VERSION = 5.0;
				TARGETED_DEVICE_FAMILY = "1,2";
			};
			name = Debug;
		};
		DBA580262862038900A4DFAF /* Release */ = {
			isa = XCBuildConfiguration;
			buildSettings = {
				ASSETCATALOG_COMPILER_APPICON_NAME = AppIcon;
				ASSETCATALOG_COMPILER_GLOBAL_ACCENT_COLOR_NAME = AccentColor;
				CODE_SIGN_STYLE = Automatic;
				CURRENT_PROJECT_VERSION = 1;
				DEVELOPMENT_ASSET_PATHS = "\"Landmarks/Preview Content\"";
				DEVELOPMENT_TEAM = 6WMH42KJWP;
				ENABLE_PREVIEWS = YES;
				GENERATE_INFOPLIST_FILE = YES;
				INFOPLIST_KEY_UIApplicationSceneManifest_Generation = YES;
				INFOPLIST_KEY_UIApplicationSupportsIndirectInputEvents = YES;
				INFOPLIST_KEY_UILaunchScreen_Generation = YES;
				INFOPLIST_KEY_UISupportedInterfaceOrientations_iPad = "UIInterfaceOrientationPortrait UIInterfaceOrientationPortraitUpsideDown UIInterfaceOrientationLandscapeLeft UIInterfaceOrientationLandscapeRight";
				INFOPLIST_KEY_UISupportedInterfaceOrientations_iPhone = "UIInterfaceOrientationPortrait UIInterfaceOrientationLandscapeLeft UIInterfaceOrientationLandscapeRight";
				LD_RUNPATH_SEARCH_PATHS = (
					"$(inherited)",
					"@executable_path/Frameworks",
				);
				MARKETING_VERSION = 1.0;
				PRODUCT_BUNDLE_IDENTIFIER = com.carloscorvalan.Landmarks;
				PRODUCT_NAME = "$(TARGET_NAME)";
				SWIFT_EMIT_LOC_STRINGS = YES;
				SWIFT_VERSION = 5.0;
				TARGETED_DEVICE_FAMILY = "1,2";
			};
			name = Release;
		};
		DBA8EEDB2880490400AB3B52 /* Debug */ = {
			isa = XCBuildConfiguration;
			buildSettings = {
				ALWAYS_EMBED_SWIFT_STANDARD_LIBRARIES = YES;
				ASSETCATALOG_COMPILER_APPICON_NAME = AppIcon;
				ASSETCATALOG_COMPILER_GLOBAL_ACCENT_COLOR_NAME = AccentColor;
				CODE_SIGN_STYLE = Automatic;
				CURRENT_PROJECT_VERSION = 1;
				DEVELOPMENT_TEAM = 6WMH42KJWP;
				GENERATE_INFOPLIST_FILE = YES;
				IBSC_MODULE = WatchLandmarks_WatchKit_Extension;
				INFOPLIST_KEY_CFBundleDisplayName = WatchLandmarks;
				INFOPLIST_KEY_UISupportedInterfaceOrientations = "UIInterfaceOrientationPortrait UIInterfaceOrientationPortraitUpsideDown";
				INFOPLIST_KEY_WKCompanionAppBundleIdentifier = com.carloscorvalan.Landmarks;
				MARKETING_VERSION = 1.0;
				PRODUCT_BUNDLE_IDENTIFIER = com.carloscorvalan.Landmarks.watchkitapp;
				PRODUCT_NAME = "$(TARGET_NAME)";
				SDKROOT = watchos;
				SKIP_INSTALL = YES;
				SWIFT_EMIT_LOC_STRINGS = YES;
				SWIFT_VERSION = 5.0;
				TARGETED_DEVICE_FAMILY = 4;
				WATCHOS_DEPLOYMENT_TARGET = 8.5;
			};
			name = Debug;
		};
		DBA8EEDC2880490400AB3B52 /* Release */ = {
			isa = XCBuildConfiguration;
			buildSettings = {
				ALWAYS_EMBED_SWIFT_STANDARD_LIBRARIES = YES;
				ASSETCATALOG_COMPILER_APPICON_NAME = AppIcon;
				ASSETCATALOG_COMPILER_GLOBAL_ACCENT_COLOR_NAME = AccentColor;
				CODE_SIGN_STYLE = Automatic;
				CURRENT_PROJECT_VERSION = 1;
				DEVELOPMENT_TEAM = 6WMH42KJWP;
				GENERATE_INFOPLIST_FILE = YES;
				IBSC_MODULE = WatchLandmarks_WatchKit_Extension;
				INFOPLIST_KEY_CFBundleDisplayName = WatchLandmarks;
				INFOPLIST_KEY_UISupportedInterfaceOrientations = "UIInterfaceOrientationPortrait UIInterfaceOrientationPortraitUpsideDown";
				INFOPLIST_KEY_WKCompanionAppBundleIdentifier = com.carloscorvalan.Landmarks;
				MARKETING_VERSION = 1.0;
				PRODUCT_BUNDLE_IDENTIFIER = com.carloscorvalan.Landmarks.watchkitapp;
				PRODUCT_NAME = "$(TARGET_NAME)";
				SDKROOT = watchos;
				SKIP_INSTALL = YES;
				SWIFT_EMIT_LOC_STRINGS = YES;
				SWIFT_VERSION = 5.0;
				TARGETED_DEVICE_FAMILY = 4;
				WATCHOS_DEPLOYMENT_TARGET = 8.5;
			};
			name = Release;
		};
		DBA8EEDE2880490400AB3B52 /* Debug */ = {
			isa = XCBuildConfiguration;
			buildSettings = {
				ASSETCATALOG_COMPILER_COMPLICATION_NAME = Complication;
				CODE_SIGN_STYLE = Automatic;
				CURRENT_PROJECT_VERSION = 1;
				DEVELOPMENT_ASSET_PATHS = "\"WatchLandmarks WatchKit Extension/Preview Content\"";
				DEVELOPMENT_TEAM = 6WMH42KJWP;
				ENABLE_PREVIEWS = YES;
				GENERATE_INFOPLIST_FILE = YES;
				INFOPLIST_FILE = "WatchLandmarks WatchKit Extension/Info.plist";
				INFOPLIST_KEY_CFBundleDisplayName = "WatchLandmarks WatchKit Extension";
				INFOPLIST_KEY_CLKComplicationPrincipalClass = WatchLandmarks_WatchKit_Extension.ComplicationController;
				INFOPLIST_KEY_NSHumanReadableCopyright = "";
				INFOPLIST_KEY_WKRunsIndependentlyOfCompanionApp = YES;
				LD_RUNPATH_SEARCH_PATHS = (
					"$(inherited)",
					"@executable_path/Frameworks",
					"@executable_path/../../Frameworks",
				);
				MARKETING_VERSION = 1.0;
				PRODUCT_BUNDLE_IDENTIFIER = com.carloscorvalan.Landmarks.watchkitapp.watchkitextension;
				PRODUCT_NAME = "${TARGET_NAME}";
				SDKROOT = watchos;
				SKIP_INSTALL = YES;
				SWIFT_EMIT_LOC_STRINGS = YES;
				SWIFT_VERSION = 5.0;
				TARGETED_DEVICE_FAMILY = 4;
				WATCHOS_DEPLOYMENT_TARGET = 8.5;
			};
			name = Debug;
		};
		DBA8EEDF2880490400AB3B52 /* Release */ = {
			isa = XCBuildConfiguration;
			buildSettings = {
				ASSETCATALOG_COMPILER_COMPLICATION_NAME = Complication;
				CODE_SIGN_STYLE = Automatic;
				CURRENT_PROJECT_VERSION = 1;
				DEVELOPMENT_ASSET_PATHS = "\"WatchLandmarks WatchKit Extension/Preview Content\"";
				DEVELOPMENT_TEAM = 6WMH42KJWP;
				ENABLE_PREVIEWS = YES;
				GENERATE_INFOPLIST_FILE = YES;
				INFOPLIST_FILE = "WatchLandmarks WatchKit Extension/Info.plist";
				INFOPLIST_KEY_CFBundleDisplayName = "WatchLandmarks WatchKit Extension";
				INFOPLIST_KEY_CLKComplicationPrincipalClass = WatchLandmarks_WatchKit_Extension.ComplicationController;
				INFOPLIST_KEY_NSHumanReadableCopyright = "";
				INFOPLIST_KEY_WKRunsIndependentlyOfCompanionApp = YES;
				LD_RUNPATH_SEARCH_PATHS = (
					"$(inherited)",
					"@executable_path/Frameworks",
					"@executable_path/../../Frameworks",
				);
				MARKETING_VERSION = 1.0;
				PRODUCT_BUNDLE_IDENTIFIER = com.carloscorvalan.Landmarks.watchkitapp.watchkitextension;
				PRODUCT_NAME = "${TARGET_NAME}";
				SDKROOT = watchos;
				SKIP_INSTALL = YES;
				SWIFT_EMIT_LOC_STRINGS = YES;
				SWIFT_VERSION = 5.0;
				TARGETED_DEVICE_FAMILY = 4;
				WATCHOS_DEPLOYMENT_TARGET = 8.5;
			};
			name = Release;
		};
/* End XCBuildConfiguration section */

/* Begin XCConfigurationList section */
		DBA580112862038800A4DFAF /* Build configuration list for PBXProject "Landmarks" */ = {
			isa = XCConfigurationList;
			buildConfigurations = (
				DBA580222862038900A4DFAF /* Debug */,
				DBA580232862038900A4DFAF /* Release */,
			);
			defaultConfigurationIsVisible = 0;
			defaultConfigurationName = Release;
		};
		DBA580242862038900A4DFAF /* Build configuration list for PBXNativeTarget "Landmarks" */ = {
			isa = XCConfigurationList;
			buildConfigurations = (
				DBA580252862038900A4DFAF /* Debug */,
				DBA580262862038900A4DFAF /* Release */,
			);
			defaultConfigurationIsVisible = 0;
			defaultConfigurationName = Release;
		};
		DBA8EEE02880490400AB3B52 /* Build configuration list for PBXNativeTarget "WatchLandmarks WatchKit Extension" */ = {
			isa = XCConfigurationList;
			buildConfigurations = (
				DBA8EEDE2880490400AB3B52 /* Debug */,
				DBA8EEDF2880490400AB3B52 /* Release */,
			);
			defaultConfigurationIsVisible = 0;
			defaultConfigurationName = Release;
		};
		DBA8EEE12880490400AB3B52 /* Build configuration list for PBXNativeTarget "WatchLandmarks" */ = {
			isa = XCConfigurationList;
			buildConfigurations = (
				DBA8EEDB2880490400AB3B52 /* Debug */,
				DBA8EEDC2880490400AB3B52 /* Release */,
			);
			defaultConfigurationIsVisible = 0;
			defaultConfigurationName = Release;
		};
/* End XCConfigurationList section */
	};
	rootObject = DBA5800E2862038800A4DFAF /* Project object */;
}
